
Microsoft Visual Studio Solution File, Format Version 12.00
# Visual Studio 2013
VisualStudioVersion = 12.0.31101.0
MinimumVisualStudioVersion = 10.0.40219.1
Project("{FAE04EC0-301F-11D3-BF4B-00C04F79EFBC}") = "MPM", "MPM\MPM.csproj", "{8C3EA3D7-9E70-4D41-B8AF-1A372C7D02CD}"
EndProject
Project("{FAE04EC0-301F-11D3-BF4B-00C04F79EFBC}") = "MPMTest", "MPMTest\MPMTest.csproj", "{D63EAE0F-BC1D-4B6D-A3D7-4D4878339B77}"
EndProject
Project("{2150E333-8FDC-42A3-9474-1A3956D46DE8}") = ".nuget", ".nuget", "{FB6D0BEF-47AF-4765-B7D5-E4C893919D16}"
	ProjectSection(SolutionItems) = preProject
		.nuget\packages.config = .nuget\packages.config
	EndProjectSection
EndProject
Global
	GlobalSection(SolutionConfigurationPlatforms) = preSolution
		Debug|Any CPU = Debug|Any CPU
		Release|Any CPU = Release|Any CPU
	EndGlobalSection
	GlobalSection(ProjectConfigurationPlatforms) = postSolution
		{8C3EA3D7-9E70-4D41-B8AF-1A372C7D02CD}.Debug|Any CPU.ActiveCfg = Debug|Any CPU
		{8C3EA3D7-9E70-4D41-B8AF-1A372C7D02CD}.Debug|Any CPU.Build.0 = Debug|Any CPU
		{8C3EA3D7-9E70-4D41-B8AF-1A372C7D02CD}.Release|Any CPU.ActiveCfg = Release|Any CPU
		{8C3EA3D7-9E70-4D41-B8AF-1A372C7D02CD}.Release|Any CPU.Build.0 = Release|Any CPU
		{D63EAE0F-BC1D-4B6D-A3D7-4D4878339B77}.Debug|Any CPU.ActiveCfg = Debug|Any CPU
		{D63EAE0F-BC1D-4B6D-A3D7-4D4878339B77}.Debug|Any CPU.Build.0 = Debug|Any CPU
		{D63EAE0F-BC1D-4B6D-A3D7-4D4878339B77}.Release|Any CPU.ActiveCfg = Release|Any CPU
		{D63EAE0F-BC1D-4B6D-A3D7-4D4878339B77}.Release|Any CPU.Build.0 = Release|Any CPU
	EndGlobalSection
	GlobalSection(SolutionProperties) = preSolution
		HideSolutionNode = FALSE
	EndGlobalSection
EndGlobal
